
Microsoft Visual Studio Solution File, Format Version 12.00
# Visual Studio Version 17
VisualStudioVersion = 17.8.34330.188
MinimumVisualStudioVersion = 10.0.40219.1
Project("{FAE04EC0-301F-11D3-BF4B-00C04F79EFBC}") = "minimalApi", "minimalApi\minimalApi.csproj", "{C9D60A17-F23A-4BCD-B8E1-E8F2B9CE0D1E}"
EndProject
Global
	GlobalSection(SolutionConfigurationPlatforms) = preSolution
		Debug|Any CPU = Debug|Any CPU
		Release|Any CPU = Release|Any CPU
	EndGlobalSection
	GlobalSection(ProjectConfigurationPlatforms) = postSolution
		{C9D60A17-F23A-4BCD-B8E1-E8F2B9CE0D1E}.Debug|Any CPU.ActiveCfg = Debug|Any CPU
		{C9D60A17-F23A-4BCD-B8E1-E8F2B9CE0D1E}.Debug|Any CPU.Build.0 = Debug|Any CPU
		{C9D60A17-F23A-4BCD-B8E1-E8F2B9CE0D1E}.Release|Any CPU.ActiveCfg = Release|Any CPU
		{C9D60A17-F23A-4BCD-B8E1-E8F2B9CE0D1E}.Release|Any CPU.Build.0 = Release|Any CPU
	EndGlobalSection
	GlobalSection(SolutionProperties) = preSolution
		HideSolutionNode = FALSE
	EndGlobalSection
	GlobalSection(ExtensibilityGlobals) = postSolution
		SolutionGuid = {392C104C-86AE-4A98-87EF-84FBF0071B84}
	EndGlobalSection
EndGlobal
